
Microsoft Visual Studio Solution File, Format Version 12.00
# Visual Studio Version 17
VisualStudioVersion = 17.3.32819.101
MinimumVisualStudioVersion = 10.0.40219.1
Project("{FAE04EC0-301F-11D3-BF4B-00C04F79EFBC}") = "NetStandard2.0", "NetStandard2.0\NetStandard2.0.csproj", "{D783ACE9-44D6-4BBC-96E6-D944465FB44B}"
EndProject
Global
	GlobalSection(SolutionConfigurationPlatforms) = preSolution
		Debug|Any CPU = Debug|Any CPU
		Release|Any CPU = Release|Any CPU
	EndGlobalSection
	GlobalSection(ProjectConfigurationPlatforms) = postSolution
		{D783ACE9-44D6-4BBC-96E6-D944465FB44B}.Debug|Any CPU.ActiveCfg = Debug|Any CPU
		{D783ACE9-44D6-4BBC-96E6-D944465FB44B}.Debug|Any CPU.Build.0 = Debug|Any CPU
		{D783ACE9-44D6-4BBC-96E6-D944465FB44B}.Release|Any CPU.ActiveCfg = Release|Any CPU
		{D783ACE9-44D6-4BBC-96E6-D944465FB44B}.Release|Any CPU.Build.0 = Release|Any CPU
	EndGlobalSection
	GlobalSection(SolutionProperties) = preSolution
		HideSolutionNode = FALSE
	EndGlobalSection
	GlobalSection(ExtensibilityGlobals) = postSolution
		SolutionGuid = {CD640257-CF9B-4FC5-A132-13EA869B6237}
	EndGlobalSection
EndGlobal
